
Microsoft Visual Studio Solution File, Format Version 12.00
# Visual Studio Version 16
VisualStudioVersion = 16.0.33529.622
MinimumVisualStudioVersion = 10.0.40219.1
Project("{FAE04EC0-301F-11D3-BF4B-00C04F79EFBC}") = "RegresionTest", "RegresionTest\RegresionTest.csproj", "{FEABF73C-2B4F-4067-934C-1C990FF8B235}"
EndProject
Global
	GlobalSection(SolutionConfigurationPlatforms) = preSolution
		Debug|Any CPU = Debug|Any CPU
		Release|Any CPU = Release|Any CPU
	EndGlobalSection
	GlobalSection(ProjectConfigurationPlatforms) = postSolution
		{FEABF73C-2B4F-4067-934C-1C990FF8B235}.Debug|Any CPU.ActiveCfg = Debug|Any CPU
		{FEABF73C-2B4F-4067-934C-1C990FF8B235}.Debug|Any CPU.Build.0 = Debug|Any CPU
		{FEABF73C-2B4F-4067-934C-1C990FF8B235}.Release|Any CPU.ActiveCfg = Release|Any CPU
		{FEABF73C-2B4F-4067-934C-1C990FF8B235}.Release|Any CPU.Build.0 = Release|Any CPU
	EndGlobalSection
	GlobalSection(SolutionProperties) = preSolution
		HideSolutionNode = FALSE
	EndGlobalSection
	GlobalSection(ExtensibilityGlobals) = postSolution
		SolutionGuid = {AE1BDB3B-9789-4075-83DF-4A6C945566FE}
	EndGlobalSection
EndGlobal
